// !$*UTF8*$!
{
	archiveVersion = 1;
	classes = {
	};
	objectVersion = 55;
	objects = {

/* Begin PBXBuildFile section */
		41D883AA281EE9AA000048BD /* Assets.xcassets in Resources */ = {isa = PBXBuildFile; fileRef = 41D883A9281EE9AA000048BD /* Assets.xcassets */; };
		41D883AE281F00F8000048BD /* extensions.swift in Sources */ = {isa = PBXBuildFile; fileRef = 41D883AD281F00F8000048BD /* extensions.swift */; };
		41E7D107281B606100F50192 /* AppDelegate.swift in Sources */ = {isa = PBXBuildFile; fileRef = 41E7D106281B606100F50192 /* AppDelegate.swift */; };
		41E7D109281B606100F50192 /* SceneDelegate.swift in Sources */ = {isa = PBXBuildFile; fileRef = 41E7D108281B606100F50192 /* SceneDelegate.swift */; };
		41E7D10E281B606100F50192 /* Main.storyboard in Resources */ = {isa = PBXBuildFile; fileRef = 41E7D10C281B606100F50192 /* Main.storyboard */; };
		41E7D113281B606300F50192 /* LaunchScreen.storyboard in Resources */ = {isa = PBXBuildFile; fileRef = 41E7D111281B606300F50192 /* LaunchScreen.storyboard */; };
		41E7D11E281B606300F50192 /* TwitterCloneTests.swift in Sources */ = {isa = PBXBuildFile; fileRef = 41E7D11D281B606300F50192 /* TwitterCloneTests.swift */; };
		41E7D128281B606300F50192 /* TwitterCloneUITests.swift in Sources */ = {isa = PBXBuildFile; fileRef = 41E7D127281B606300F50192 /* TwitterCloneUITests.swift */; };
		41E7D12A281B606300F50192 /* TwitterCloneUITestsLaunchTests.swift in Sources */ = {isa = PBXBuildFile; fileRef = 41E7D129281B606300F50192 /* TwitterCloneUITestsLaunchTests.swift */; };
		41E7D13E281B621700F50192 /* MainTabController.swift in Sources */ = {isa = PBXBuildFile; fileRef = 41E7D13D281B621700F50192 /* MainTabController.swift */; };
		41E7D140281B63B000F50192 /* FeedController.swift in Sources */ = {isa = PBXBuildFile; fileRef = 41E7D13F281B63AF00F50192 /* FeedController.swift */; };
		41E7D142281B63F000F50192 /* ExploreController.swift in Sources */ = {isa = PBXBuildFile; fileRef = 41E7D141281B63F000F50192 /* ExploreController.swift */; };
		41E7D144281B640200F50192 /* NotificationsController.swift in Sources */ = {isa = PBXBuildFile; fileRef = 41E7D143281B640200F50192 /* NotificationsController.swift */; };
		41E7D146281B641E00F50192 /* ConversationsController.swift in Sources */ = {isa = PBXBuildFile; fileRef = 41E7D145281B641E00F50192 /* ConversationsController.swift */; };
/* End PBXBuildFile section */

/* Begin PBXContainerItemProxy section */
		41E7D11A281B606300F50192 /* PBXContainerItemProxy */ = {
			isa = PBXContainerItemProxy;
			containerPortal = 41E7D0FB281B606100F50192 /* Project object */;
			proxyType = 1;
			remoteGlobalIDString = 41E7D102281B606100F50192;
			remoteInfo = TwitterClone;
		};
		41E7D124281B606300F50192 /* PBXContainerItemProxy */ = {
			isa = PBXContainerItemProxy;
			containerPortal = 41E7D0FB281B606100F50192 /* Project object */;
			proxyType = 1;
			remoteGlobalIDString = 41E7D102281B606100F50192;
			remoteInfo = TwitterClone;
		};
/* End PBXContainerItemProxy section */

/* Begin PBXFileReference section */
		41D883A9281EE9AA000048BD /* Assets.xcassets */ = {isa = PBXFileReference; lastKnownFileType = folder.assetcatalog; name = Assets.xcassets; path = ../../../Assets.xcassets; sourceTree = "<group>"; };
		41D883AD281F00F8000048BD /* extensions.swift */ = {isa = PBXFileReference; lastKnownFileType = sourcecode.swift; name = extensions.swift; path = "../../../../RocheDev/Demo/iOS/User mode/User mode/Configuration Table/extensions.swift"; sourceTree = "<group>"; };
		41D883AF281F0120000048BD /* extensions.swift */ = {isa = PBXFileReference; lastKnownFileType = sourcecode.swift; path = extensions.swift; sourceTree = "<group>"; };
		41E7D103281B606100F50192 /* TwitterClone.app */ = {isa = PBXFileReference; explicitFileType = wrapper.application; includeInIndex = 0; path = TwitterClone.app; sourceTree = BUILT_PRODUCTS_DIR; };
		41E7D106281B606100F50192 /* AppDelegate.swift */ = {isa = PBXFileReference; lastKnownFileType = sourcecode.swift; path = AppDelegate.swift; sourceTree = "<group>"; };
		41E7D108281B606100F50192 /* SceneDelegate.swift */ = {isa = PBXFileReference; lastKnownFileType = sourcecode.swift; path = SceneDelegate.swift; sourceTree = "<group>"; };
		41E7D10D281B606100F50192 /* Base */ = {isa = PBXFileReference; lastKnownFileType = file.storyboard; name = Base; path = Base.lproj/Main.storyboard; sourceTree = "<group>"; };
		41E7D112281B606300F50192 /* Base */ = {isa = PBXFileReference; lastKnownFileType = file.storyboard; name = Base; path = Base.lproj/LaunchScreen.storyboard; sourceTree = "<group>"; };
		41E7D114281B606300F50192 /* Info.plist */ = {isa = PBXFileReference; lastKnownFileType = text.plist.xml; path = Info.plist; sourceTree = "<group>"; };
		41E7D119281B606300F50192 /* TwitterCloneTests.xctest */ = {isa = PBXFileReference; explicitFileType = wrapper.cfbundle; includeInIndex = 0; path = TwitterCloneTests.xctest; sourceTree = BUILT_PRODUCTS_DIR; };
		41E7D11D281B606300F50192 /* TwitterCloneTests.swift */ = {isa = PBXFileReference; lastKnownFileType = sourcecode.swift; path = TwitterCloneTests.swift; sourceTree = "<group>"; };
		41E7D123281B606300F50192 /* TwitterCloneUITests.xctest */ = {isa = PBXFileReference; explicitFileType = wrapper.cfbundle; includeInIndex = 0; path = TwitterCloneUITests.xctest; sourceTree = BUILT_PRODUCTS_DIR; };
		41E7D127281B606300F50192 /* TwitterCloneUITests.swift */ = {isa = PBXFileReference; lastKnownFileType = sourcecode.swift; path = TwitterCloneUITests.swift; sourceTree = "<group>"; };
		41E7D129281B606300F50192 /* TwitterCloneUITestsLaunchTests.swift */ = {isa = PBXFileReference; lastKnownFileType = sourcecode.swift; path = TwitterCloneUITestsLaunchTests.swift; sourceTree = "<group>"; };
		41E7D13D281B621700F50192 /* MainTabController.swift */ = {isa = PBXFileReference; lastKnownFileType = sourcecode.swift; path = MainTabController.swift; sourceTree = "<group>"; };
		41E7D13F281B63AF00F50192 /* FeedController.swift */ = {isa = PBXFileReference; lastKnownFileType = sourcecode.swift; path = FeedController.swift; sourceTree = "<group>"; };
		41E7D141281B63F000F50192 /* ExploreController.swift */ = {isa = PBXFileReference; lastKnownFileType = sourcecode.swift; path = ExploreController.swift; sourceTree = "<group>"; };
		41E7D143281B640200F50192 /* NotificationsController.swift */ = {isa = PBXFileReference; lastKnownFileType = sourcecode.swift; path = NotificationsController.swift; sourceTree = "<group>"; };
		41E7D145281B641E00F50192 /* ConversationsController.swift */ = {isa = PBXFileReference; lastKnownFileType = sourcecode.swift; path = ConversationsController.swift; sourceTree = "<group>"; };
/* End PBXFileReference section */

/* Begin PBXFrameworksBuildPhase section */
		41E7D100281B606100F50192 /* Frameworks */ = {
			isa = PBXFrameworksBuildPhase;
			buildActionMask = 2147483647;
			files = (
			);
			runOnlyForDeploymentPostprocessing = 0;
		};
		41E7D116281B606300F50192 /* Frameworks */ = {
			isa = PBXFrameworksBuildPhase;
			buildActionMask = 2147483647;
			files = (
			);
			runOnlyForDeploymentPostprocessing = 0;
		};
		41E7D120281B606300F50192 /* Frameworks */ = {
			isa = PBXFrameworksBuildPhase;
			buildActionMask = 2147483647;
			files = (
			);
			runOnlyForDeploymentPostprocessing = 0;
		};
/* End PBXFrameworksBuildPhase section */

/* Begin PBXGroup section */
		41E7D0FA281B606100F50192 = {
			isa = PBXGroup;
			children = (
				41E7D105281B606100F50192 /* TwitterClone */,
				41E7D11C281B606300F50192 /* TwitterCloneTests */,
				41E7D126281B606300F50192 /* TwitterCloneUITests */,
				41E7D104281B606100F50192 /* Products */,
			);
			sourceTree = "<group>";
		};
		41E7D104281B606100F50192 /* Products */ = {
			isa = PBXGroup;
			children = (
				41E7D103281B606100F50192 /* TwitterClone.app */,
				41E7D119281B606300F50192 /* TwitterCloneTests.xctest */,
				41E7D123281B606300F50192 /* TwitterCloneUITests.xctest */,
			);
			name = Products;
			sourceTree = "<group>";
		};
		41E7D105281B606100F50192 /* TwitterClone */ = {
			isa = PBXGroup;
			children = (
				41D883AD281F00F8000048BD /* extensions.swift */,
				41E7D13B281B60BF00F50192 /* Model */,
				41E7D13A281B60BE00F50192 /* View */,
				41E7D139281B60BC00F50192 /* ViewModel */,
				41E7D138281B60BA00F50192 /* Controller */,
				41E7D136281B60A000F50192 /* API */,
				41E7D13C281B614D00F50192 /* Utils */,
				41E7D106281B606100F50192 /* AppDelegate.swift */,
				41E7D108281B606100F50192 /* SceneDelegate.swift */,
				41E7D10C281B606100F50192 /* Main.storyboard */,
				41D883A9281EE9AA000048BD /* Assets.xcassets */,
				41E7D111281B606300F50192 /* LaunchScreen.storyboard */,
				41E7D114281B606300F50192 /* Info.plist */,
			);
			path = TwitterClone;
			sourceTree = "<group>";
		};
		41E7D11C281B606300F50192 /* TwitterCloneTests */ = {
			isa = PBXGroup;
			children = (
				41E7D11D281B606300F50192 /* TwitterCloneTests.swift */,
			);
			path = TwitterCloneTests;
			sourceTree = "<group>";
		};
		41E7D126281B606300F50192 /* TwitterCloneUITests */ = {
			isa = PBXGroup;
			children = (
				41E7D127281B606300F50192 /* TwitterCloneUITests.swift */,
				41E7D129281B606300F50192 /* TwitterCloneUITestsLaunchTests.swift */,
			);
			path = TwitterCloneUITests;
			sourceTree = "<group>";
		};
		41E7D136281B60A000F50192 /* API */ = {
			isa = PBXGroup;
			children = (
			);
			path = API;
			sourceTree = "<group>";
		};
		41E7D138281B60BA00F50192 /* Controller */ = {
			isa = PBXGroup;
			children = (
				41E7D13D281B621700F50192 /* MainTabController.swift */,
				41E7D13F281B63AF00F50192 /* FeedController.swift */,
				41E7D141281B63F000F50192 /* ExploreController.swift */,
				41E7D143281B640200F50192 /* NotificationsController.swift */,
				41E7D145281B641E00F50192 /* ConversationsController.swift */,
			);
			path = Controller;
			sourceTree = "<group>";
		};
		41E7D139281B60BC00F50192 /* ViewModel */ = {
			isa = PBXGroup;
			children = (
			);
			path = ViewModel;
			sourceTree = "<group>";
		};
		41E7D13A281B60BE00F50192 /* View */ = {
			isa = PBXGroup;
			children = (
			);
			path = View;
			sourceTree = "<group>";
		};
		41E7D13B281B60BF00F50192 /* Model */ = {
			isa = PBXGroup;
			children = (
			);
			path = Model;
			sourceTree = "<group>";
		};
		41E7D13C281B614D00F50192 /* Utils */ = {
			isa = PBXGroup;
			children = (
				41D883AF281F0120000048BD /* extensions.swift */,
			);
			path = Utils;
			sourceTree = "<group>";
		};
/* End PBXGroup section */

/* Begin PBXNativeTarget section */
		41E7D102281B606100F50192 /* TwitterClone */ = {
			isa = PBXNativeTarget;
			buildConfigurationList = 41E7D12D281B606300F50192 /* Build configuration list for PBXNativeTarget "TwitterClone" */;
			buildPhases = (
				41E7D0FF281B606100F50192 /* Sources */,
				41E7D100281B606100F50192 /* Frameworks */,
				41E7D101281B606100F50192 /* Resources */,
			);
			buildRules = (
			);
			dependencies = (
			);
			name = TwitterClone;
			productName = TwitterClone;
			productReference = 41E7D103281B606100F50192 /* TwitterClone.app */;
			productType = "com.apple.product-type.application";
		};
		41E7D118281B606300F50192 /* TwitterCloneTests */ = {
			isa = PBXNativeTarget;
			buildConfigurationList = 41E7D130281B606300F50192 /* Build configuration list for PBXNativeTarget "TwitterCloneTests" */;
			buildPhases = (
				41E7D115281B606300F50192 /* Sources */,
				41E7D116281B606300F50192 /* Frameworks */,
				41E7D117281B606300F50192 /* Resources */,
			);
			buildRules = (
			);
			dependencies = (
				41E7D11B281B606300F50192 /* PBXTargetDependency */,
			);
			name = TwitterCloneTests;
			productName = TwitterCloneTests;
			productReference = 41E7D119281B606300F50192 /* TwitterCloneTests.xctest */;
			productType = "com.apple.product-type.bundle.unit-test";
		};
		41E7D122281B606300F50192 /* TwitterCloneUITests */ = {
			isa = PBXNativeTarget;
			buildConfigurationList = 41E7D133281B606300F50192 /* Build configuration list for PBXNativeTarget "TwitterCloneUITests" */;
			buildPhases = (
				41E7D11F281B606300F50192 /* Sources */,
				41E7D120281B606300F50192 /* Frameworks */,
				41E7D121281B606300F50192 /* Resources */,
			);
			buildRules = (
			);
			dependencies = (
				41E7D125281B606300F50192 /* PBXTargetDependency */,
			);
			name = TwitterCloneUITests;
			productName = TwitterCloneUITests;
			productReference = 41E7D123281B606300F50192 /* TwitterCloneUITests.xctest */;
			productType = "com.apple.product-type.bundle.ui-testing";
		};
/* End PBXNativeTarget section */

/* Begin PBXProject section */
		41E7D0FB281B606100F50192 /* Project object */ = {
			isa = PBXProject;
			attributes = {
				BuildIndependentTargetsInParallel = 1;
				LastSwiftUpdateCheck = 1320;
				LastUpgradeCheck = 1320;
				TargetAttributes = {
					41E7D102281B606100F50192 = {
						CreatedOnToolsVersion = 13.2.1;
					};
					41E7D118281B606300F50192 = {
						CreatedOnToolsVersion = 13.2.1;
						TestTargetID = 41E7D102281B606100F50192;
					};
					41E7D122281B606300F50192 = {
						CreatedOnToolsVersion = 13.2.1;
						TestTargetID = 41E7D102281B606100F50192;
					};
				};
			};
			buildConfigurationList = 41E7D0FE281B606100F50192 /* Build configuration list for PBXProject "TwitterClone" */;
			compatibilityVersion = "Xcode 13.0";
			developmentRegion = en;
			hasScannedForEncodings = 0;
			knownRegions = (
				en,
				Base,
			);
			mainGroup = 41E7D0FA281B606100F50192;
			productRefGroup = 41E7D104281B606100F50192 /* Products */;
			projectDirPath = "";
			projectRoot = "";
			targets = (
				41E7D102281B606100F50192 /* TwitterClone */,
				41E7D118281B606300F50192 /* TwitterCloneTests */,
				41E7D122281B606300F50192 /* TwitterCloneUITests */,
			);
		};
/* End PBXProject section */

/* Begin PBXResourcesBuildPhase section */
		41E7D101281B606100F50192 /* Resources */ = {
			isa = PBXResourcesBuildPhase;
			buildActionMask = 2147483647;
			files = (
				41E7D113281B606300F50192 /* LaunchScreen.storyboard in Resources */,
				41D883AA281EE9AA000048BD /* Assets.xcassets in Resources */,
				41E7D10E281B606100F50192 /* Main.storyboard in Resources */,
			);
			runOnlyForDeploymentPostprocessing = 0;
		};
		41E7D117281B606300F50192 /* Resources */ = {
			isa = PBXResourcesBuildPhase;
			buildActionMask = 2147483647;
			files = (
			);
			runOnlyForDeploymentPostprocessing = 0;
		};
		41E7D121281B606300F50192 /* Resources */ = {
			isa = PBXResourcesBuildPhase;
			buildActionMask = 2147483647;
			files = (
			);
			runOnlyForDeploymentPostprocessing = 0;
		};
/* End PBXResourcesBuildPhase section */

/* Begin PBXSourcesBuildPhase section */
		41E7D0FF281B606100F50192 /* Sources */ = {
			isa = PBXSourcesBuildPhase;
			buildActionMask = 2147483647;
			files = (
				41E7D144281B640200F50192 /* NotificationsController.swift in Sources */,
				41E7D146281B641E00F50192 /* ConversationsController.swift in Sources */,
				41E7D107281B606100F50192 /* AppDelegate.swift in Sources */,
				41D883AE281F00F8000048BD /* extensions.swift in Sources */,
				41E7D142281B63F000F50192 /* ExploreController.swift in Sources */,
				41E7D109281B606100F50192 /* SceneDelegate.swift in Sources */,
				41E7D13E281B621700F50192 /* MainTabController.swift in Sources */,
				41E7D140281B63B000F50192 /* FeedController.swift in Sources */,
			);
			runOnlyForDeploymentPostprocessing = 0;
		};
		41E7D115281B606300F50192 /* Sources */ = {
			isa = PBXSourcesBuildPhase;
			buildActionMask = 2147483647;
			files = (
				41E7D11E281B606300F50192 /* TwitterCloneTests.swift in Sources */,
			);
			runOnlyForDeploymentPostprocessing = 0;
		};
		41E7D11F281B606300F50192 /* Sources */ = {
			isa = PBXSourcesBuildPhase;
			buildActionMask = 2147483647;
			files = (
				41E7D12A281B606300F50192 /* TwitterCloneUITestsLaunchTests.swift in Sources */,
				41E7D128281B606300F50192 /* TwitterCloneUITests.swift in Sources */,
			);
			runOnlyForDeploymentPostprocessing = 0;
		};
/* End PBXSourcesBuildPhase section */

/* Begin PBXTargetDependency section */
		41E7D11B281B606300F50192 /* PBXTargetDependency */ = {
			isa = PBXTargetDependency;
			target = 41E7D102281B606100F50192 /* TwitterClone */;
			targetProxy = 41E7D11A281B606300F50192 /* PBXContainerItemProxy */;
		};
		41E7D125281B606300F50192 /* PBXTargetDependency */ = {
			isa = PBXTargetDependency;
			target = 41E7D102281B606100F50192 /* TwitterClone */;
			targetProxy = 41E7D124281B606300F50192 /* PBXContainerItemProxy */;
		};
/* End PBXTargetDependency section */

/* Begin PBXVariantGroup section */
		41E7D10C281B606100F50192 /* Main.storyboard */ = {
			isa = PBXVariantGroup;
			children = (
				41E7D10D281B606100F50192 /* Base */,
			);
			name = Main.storyboard;
			sourceTree = "<group>";
		};
		41E7D111281B606300F50192 /* LaunchScreen.storyboard */ = {
			isa = PBXVariantGroup;
			children = (
				41E7D112281B606300F50192 /* Base */,
			);
			name = LaunchScreen.storyboard;
			sourceTree = "<group>";
		};
/* End PBXVariantGroup section */

/* Begin XCBuildConfiguration section */
		41E7D12B281B606300F50192 /* Debug */ = {
			isa = XCBuildConfiguration;
			buildSettings = {
				ALWAYS_SEARCH_USER_PATHS = NO;
				CLANG_ANALYZER_NONNULL = YES;
				CLANG_ANALYZER_NUMBER_OBJECT_CONVERSION = YES_AGGRESSIVE;
				CLANG_CXX_LANGUAGE_STANDARD = "gnu++17";
				CLANG_CXX_LIBRARY = "libc++";
				CLANG_ENABLE_MODULES = YES;
				CLANG_ENABLE_OBJC_ARC = YES;
				CLANG_ENABLE_OBJC_WEAK = YES;
				CLANG_WARN_BLOCK_CAPTURE_AUTORELEASING = YES;
				CLANG_WARN_BOOL_CONVERSION = YES;
				CLANG_WARN_COMMA = YES;
				CLANG_WARN_CONSTANT_CONVERSION = YES;
				CLANG_WARN_DEPRECATED_OBJC_IMPLEMENTATIONS = YES;
				CLANG_WARN_DIRECT_OBJC_ISA_USAGE = YES_ERROR;
				CLANG_WARN_DOCUMENTATION_COMMENTS = YES;
				CLANG_WARN_EMPTY_BODY = YES;
				CLANG_WARN_ENUM_CONVERSION = YES;
				CLANG_WARN_INFINITE_RECURSION = YES;
				CLANG_WARN_INT_CONVERSION = YES;
				CLANG_WARN_NON_LITERAL_NULL_CONVERSION = YES;
				CLANG_WARN_OBJC_IMPLICIT_RETAIN_SELF = YES;
				CLANG_WARN_OBJC_LITERAL_CONVERSION = YES;
				CLANG_WARN_OBJC_ROOT_CLASS = YES_ERROR;
				CLANG_WARN_QUOTED_INCLUDE_IN_FRAMEWORK_HEADER = YES;
				CLANG_WARN_RANGE_LOOP_ANALYSIS = YES;
				CLANG_WARN_STRICT_PROTOTYPES = YES;
				CLANG_WARN_SUSPICIOUS_MOVE = YES;
				CLANG_WARN_UNGUARDED_AVAILABILITY = YES_AGGRESSIVE;
				CLANG_WARN_UNREACHABLE_CODE = YES;
				CLANG_WARN__DUPLICATE_METHOD_MATCH = YES;
				COPY_PHASE_STRIP = NO;
				DEBUG_INFORMATION_FORMAT = dwarf;
				ENABLE_STRICT_OBJC_MSGSEND = YES;
				ENABLE_TESTABILITY = YES;
				GCC_C_LANGUAGE_STANDARD = gnu11;
				GCC_DYNAMIC_NO_PIC = NO;
				GCC_NO_COMMON_BLOCKS = YES;
				GCC_OPTIMIZATION_LEVEL = 0;
				GCC_PREPROCESSOR_DEFINITIONS = (
					"DEBUG=1",
					"$(inherited)",
				);
				GCC_WARN_64_TO_32_BIT_CONVERSION = YES;
				GCC_WARN_ABOUT_RETURN_TYPE = YES_ERROR;
				GCC_WARN_UNDECLARED_SELECTOR = YES;
				GCC_WARN_UNINITIALIZED_AUTOS = YES_AGGRESSIVE;
				GCC_WARN_UNUSED_FUNCTION = YES;
				GCC_WARN_UNUSED_VARIABLE = YES;
				IPHONEOS_DEPLOYMENT_TARGET = 15.2;
				MTL_ENABLE_DEBUG_INFO = INCLUDE_SOURCE;
				MTL_FAST_MATH = YES;
				ONLY_ACTIVE_ARCH = YES;
				SDKROOT = iphoneos;
				SWIFT_ACTIVE_COMPILATION_CONDITIONS = DEBUG;
				SWIFT_OPTIMIZATION_LEVEL = "-Onone";
			};
			name = Debug;
		};
		41E7D12C281B606300F50192 /* Release */ = {
			isa = XCBuildConfiguration;
			buildSettings = {
				ALWAYS_SEARCH_USER_PATHS = NO;
				CLANG_ANALYZER_NONNULL = YES;
				CLANG_ANALYZER_NUMBER_OBJECT_CONVERSION = YES_AGGRESSIVE;
				CLANG_CXX_LANGUAGE_STANDARD = "gnu++17";
				CLANG_CXX_LIBRARY = "libc++";
				CLANG_ENABLE_MODULES = YES;
				CLANG_ENABLE_OBJC_ARC = YES;
				CLANG_ENABLE_OBJC_WEAK = YES;
				CLANG_WARN_BLOCK_CAPTURE_AUTORELEASING = YES;
				CLANG_WARN_BOOL_CONVERSION = YES;
				CLANG_WARN_COMMA = YES;
				CLANG_WARN_CONSTANT_CONVERSION = YES;
				CLANG_WARN_DEPRECATED_OBJC_IMPLEMENTATIONS = YES;
				CLANG_WARN_DIRECT_OBJC_ISA_USAGE = YES_ERROR;
				CLANG_WARN_DOCUMENTATION_COMMENTS = YES;
				CLANG_WARN_EMPTY_BODY = YES;
				CLANG_WARN_ENUM_CONVERSION = YES;
				CLANG_WARN_INFINITE_RECURSION = YES;
				CLANG_WARN_INT_CONVERSION = YES;
				CLANG_WARN_NON_LITERAL_NULL_CONVERSION = YES;
				CLANG_WARN_OBJC_IMPLICIT_RETAIN_SELF = YES;
				CLANG_WARN_OBJC_LITERAL_CONVERSION = YES;
				CLANG_WARN_OBJC_ROOT_CLASS = YES_ERROR;
				CLANG_WARN_QUOTED_INCLUDE_IN_FRAMEWORK_HEADER = YES;
				CLANG_WARN_RANGE_LOOP_ANALYSIS = YES;
				CLANG_WARN_STRICT_PROTOTYPES = YES;
				CLANG_WARN_SUSPICIOUS_MOVE = YES;
				CLANG_WARN_UNGUARDED_AVAILABILITY = YES_AGGRESSIVE;
				CLANG_WARN_UNREACHABLE_CODE = YES;
				CLANG_WARN__DUPLICATE_METHOD_MATCH = YES;
				COPY_PHASE_STRIP = NO;
				DEBUG_INFORMATION_FORMAT = "dwarf-with-dsym";
				ENABLE_NS_ASSERTIONS = NO;
				ENABLE_STRICT_OBJC_MSGSEND = YES;
				GCC_C_LANGUAGE_STANDARD = gnu11;
				GCC_NO_COMMON_BLOCKS = YES;
				GCC_WARN_64_TO_32_BIT_CONVERSION = YES;
				GCC_WARN_ABOUT_RETURN_TYPE = YES_ERROR;
				GCC_WARN_UNDECLARED_SELECTOR = YES;
				GCC_WARN_UNINITIALIZED_AUTOS = YES_AGGRESSIVE;
				GCC_WARN_UNUSED_FUNCTION = YES;
				GCC_WARN_UNUSED_VARIABLE = YES;
				IPHONEOS_DEPLOYMENT_TARGET = 15.2;
				MTL_ENABLE_DEBUG_INFO = NO;
				MTL_FAST_MATH = YES;
				SDKROOT = iphoneos;
				SWIFT_COMPILATION_MODE = wholemodule;
				SWIFT_OPTIMIZATION_LEVEL = "-O";
				VALIDATE_PRODUCT = YES;
			};
			name = Release;
		};
		41E7D12E281B606300F50192 /* Debug */ = {
			isa = XCBuildConfiguration;
			buildSettings = {
				ASSETCATALOG_COMPILER_APPICON_NAME = AppIcon;
				ASSETCATALOG_COMPILER_GLOBAL_ACCENT_COLOR_NAME = AccentColor;
				CODE_SIGN_STYLE = Automatic;
				CURRENT_PROJECT_VERSION = 1;
				DEVELOPMENT_TEAM = RM7D36M8GX;
				GENERATE_INFOPLIST_FILE = YES;
				INFOPLIST_FILE = TwitterClone/Info.plist;
				INFOPLIST_KEY_UIApplicationSupportsIndirectInputEvents = YES;
				INFOPLIST_KEY_UILaunchStoryboardName = LaunchScreen;
				INFOPLIST_KEY_UIMainStoryboardFile = Main;
				INFOPLIST_KEY_UISupportedInterfaceOrientations_iPad = "UIInterfaceOrientationPortrait UIInterfaceOrientationPortraitUpsideDown UIInterfaceOrientationLandscapeLeft UIInterfaceOrientationLandscapeRight";
				INFOPLIST_KEY_UISupportedInterfaceOrientations_iPhone = "UIInterfaceOrientationPortrait UIInterfaceOrientationLandscapeLeft UIInterfaceOrientationLandscapeRight";
				LD_RUNPATH_SEARCH_PATHS = (
					"$(inherited)",
					"@executable_path/Frameworks",
				);
				MARKETING_VERSION = 1.0;
				PRODUCT_BUNDLE_IDENTIFIER = com.loumelone.TwitterClone;
				PRODUCT_NAME = "$(TARGET_NAME)";
				SWIFT_EMIT_LOC_STRINGS = YES;
				SWIFT_VERSION = 5.0;
				TARGETED_DEVICE_FAMILY = "1,2";
			};
			name = Debug;
		};
		41E7D12F281B606300F50192 /* Release */ = {
			isa = XCBuildConfiguration;
			buildSettings = {
				ASSETCATALOG_COMPILER_APPICON_NAME = AppIcon;
				ASSETCATALOG_COMPILER_GLOBAL_ACCENT_COLOR_NAME = AccentColor;
				CODE_SIGN_STYLE = Automatic;
				CURRENT_PROJECT_VERSION = 1;
				DEVELOPMENT_TEAM = RM7D36M8GX;
				GENERATE_INFOPLIST_FILE = YES;
				INFOPLIST_FILE = TwitterClone/Info.plist;
				INFOPLIST_KEY_UIApplicationSupportsIndirectInputEvents = YES;
				INFOPLIST_KEY_UILaunchStoryboardName = LaunchScreen;
				INFOPLIST_KEY_UIMainStoryboardFile = Main;
				INFOPLIST_KEY_UISupportedInterfaceOrientations_iPad = "UIInterfaceOrientationPortrait UIInterfaceOrientationPortraitUpsideDown UIInterfaceOrientationLandscapeLeft UIInterfaceOrientationLandscapeRight";
				INFOPLIST_KEY_UISupportedInterfaceOrientations_iPhone = "UIInterfaceOrientationPortrait UIInterfaceOrientationLandscapeLeft UIInterfaceOrientationLandscapeRight";
				LD_RUNPATH_SEARCH_PATHS = (
					"$(inherited)",
					"@executable_path/Frameworks",
				);
				MARKETING_VERSION = 1.0;
				PRODUCT_BUNDLE_IDENTIFIER = com.loumelone.TwitterClone;
				PRODUCT_NAME = "$(TARGET_NAME)";
				SWIFT_EMIT_LOC_STRINGS = YES;
				SWIFT_VERSION = 5.0;
				TARGETED_DEVICE_FAMILY = "1,2";
			};
			name = Release;
		};
		41E7D131281B606300F50192 /* Debug */ = {
			isa = XCBuildConfiguration;
			buildSettings = {
				ALWAYS_EMBED_SWIFT_STANDARD_LIBRARIES = YES;
				BUNDLE_LOADER = "$(TEST_HOST)";
				CODE_SIGN_STYLE = Automatic;
				CURRENT_PROJECT_VERSION = 1;
				DEVELOPMENT_TEAM = RM7D36M8GX;
				GENERATE_INFOPLIST_FILE = YES;
				IPHONEOS_DEPLOYMENT_TARGET = 15.2;
				MARKETING_VERSION = 1.0;
				PRODUCT_BUNDLE_IDENTIFIER = com.loumelone.TwitterCloneTests;
				PRODUCT_NAME = "$(TARGET_NAME)";
				SWIFT_EMIT_LOC_STRINGS = NO;
				SWIFT_VERSION = 5.0;
				TARGETED_DEVICE_FAMILY = "1,2";
				TEST_HOST = "$(BUILT_PRODUCTS_DIR)/TwitterClone.app/TwitterClone";
			};
			name = Debug;
		};
		41E7D132281B606300F50192 /* Release */ = {
			isa = XCBuildConfiguration;
			buildSettings = {
				ALWAYS_EMBED_SWIFT_STANDARD_LIBRARIES = YES;
				BUNDLE_LOADER = "$(TEST_HOST)";
				CODE_SIGN_STYLE = Automatic;
				CURRENT_PROJECT_VERSION = 1;
				DEVELOPMENT_TEAM = RM7D36M8GX;
				GENERATE_INFOPLIST_FILE = YES;
				IPHONEOS_DEPLOYMENT_TARGET = 15.2;
				MARKETING_VERSION = 1.0;
				PRODUCT_BUNDLE_IDENTIFIER = com.loumelone.TwitterCloneTests;
				PRODUCT_NAME = "$(TARGET_NAME)";
				SWIFT_EMIT_LOC_STRINGS = NO;
				SWIFT_VERSION = 5.0;
				TARGETED_DEVICE_FAMILY = "1,2";
				TEST_HOST = "$(BUILT_PRODUCTS_DIR)/TwitterClone.app/TwitterClone";
			};
			name = Release;
		};
		41E7D134281B606300F50192 /* Debug */ = {
			isa = XCBuildConfiguration;
			buildSettings = {
				ALWAYS_EMBED_SWIFT_STANDARD_LIBRARIES = YES;
				CODE_SIGN_STYLE = Automatic;
				CURRENT_PROJECT_VERSION = 1;
				DEVELOPMENT_TEAM = RM7D36M8GX;
				GENERATE_INFOPLIST_FILE = YES;
				MARKETING_VERSION = 1.0;
				PRODUCT_BUNDLE_IDENTIFIER = com.loumelone.TwitterCloneUITests;
				PRODUCT_NAME = "$(TARGET_NAME)";
				SWIFT_EMIT_LOC_STRINGS = NO;
				SWIFT_VERSION = 5.0;
				TARGETED_DEVICE_FAMILY = "1,2";
				TEST_TARGET_NAME = TwitterClone;
			};
			name = Debug;
		};
		41E7D135281B606300F50192 /* Release */ = {
			isa = XCBuildConfiguration;
			buildSettings = {
				ALWAYS_EMBED_SWIFT_STANDARD_LIBRARIES = YES;
				CODE_SIGN_STYLE = Automatic;
				CURRENT_PROJECT_VERSION = 1;
				DEVELOPMENT_TEAM = RM7D36M8GX;
				GENERATE_INFOPLIST_FILE = YES;
				MARKETING_VERSION = 1.0;
				PRODUCT_BUNDLE_IDENTIFIER = com.loumelone.TwitterCloneUITests;
				PRODUCT_NAME = "$(TARGET_NAME)";
				SWIFT_EMIT_LOC_STRINGS = NO;
				SWIFT_VERSION = 5.0;
				TARGETED_DEVICE_FAMILY = "1,2";
				TEST_TARGET_NAME = TwitterClone;
			};
			name = Release;
		};
/* End XCBuildConfiguration section */

/* Begin XCConfigurationList section */
		41E7D0FE281B606100F50192 /* Build configuration list for PBXProject "TwitterClone" */ = {
			isa = XCConfigurationList;
			buildConfigurations = (
				41E7D12B281B606300F50192 /* Debug */,
				41E7D12C281B606300F50192 /* Release */,
			);
			defaultConfigurationIsVisible = 0;
			defaultConfigurationName = Release;
		};
		41E7D12D281B606300F50192 /* Build configuration list for PBXNativeTarget "TwitterClone" */ = {
			isa = XCConfigurationList;
			buildConfigurations = (
				41E7D12E281B606300F50192 /* Debug */,
				41E7D12F281B606300F50192 /* Release */,
			);
			defaultConfigurationIsVisible = 0;
			defaultConfigurationName = Release;
		};
		41E7D130281B606300F50192 /* Build configuration list for PBXNativeTarget "TwitterCloneTests" */ = {
			isa = XCConfigurationList;
			buildConfigurations = (
				41E7D131281B606300F50192 /* Debug */,
				41E7D132281B606300F50192 /* Release */,
			);
			defaultConfigurationIsVisible = 0;
			defaultConfigurationName = Release;
		};
		41E7D133281B606300F50192 /* Build configuration list for PBXNativeTarget "TwitterCloneUITests" */ = {
			isa = XCConfigurationList;
			buildConfigurations = (
				41E7D134281B606300F50192 /* Debug */,
				41E7D135281B606300F50192 /* Release */,
			);
			defaultConfigurationIsVisible = 0;
			defaultConfigurationName = Release;
		};
/* End XCConfigurationList section */
	};
	rootObject = 41E7D0FB281B606100F50192 /* Project object */;
}
